{
  "name": "boxfan",
  "lockfileVersion": 3,
  "requires": true,
  "packages": {
    "": {
      "dependencies": {
        "chrome-devtools-mcp": "^0.9.0"
      }
    },
    "node_modules/chrome-devtools-mcp": {
      "version": "0.9.0",
      "resolved": "https://registry.npmjs.org/chrome-devtools-mcp/-/chrome-devtools-mcp-0.9.0.tgz",
      "integrity": "sha512-7MzI/fdnwbKHzgnGWUmCyEYdKnSpfSIelDV9XNTz8wrjycoMB6cENryKLyZkLHXkZLlDdOLfYa9YtF+3lQoM2g==",
      "license": "Apache-2.0",
      "bin": {
        "chrome-devtools-mcp": "build/src/index.js"
      },
      "engines": {
        "node": "^20.19.0 || ^22.12.0 || >=23"
      }
    }
  }
}
